
Microsoft Visual Studio Solution File, Format Version 12.00
# Visual Studio Version 17
VisualStudioVersion = 17.0.31903.59
MinimumVisualStudioVersion = 10.0.40219.1
Project("{9A19103F-16F7-4668-BE54-9A1E7A4F7556}") = "StockService", "StockService\StockService\StockService.csproj", "{AD01482C-1A7E-4908-98BF-4DEEA5BFBDC8}"
EndProject
Project("{9A19103F-16F7-4668-BE54-9A1E7A4F7556}") = "SimulatorService", "SimulatorService\SimulatorService\SimulatorService.csproj", "{F1C59E2F-8E8D-4FED-86E9-DBDB987642AB}"
EndProject
Global
	GlobalSection(SolutionConfigurationPlatforms) = preSolution
		Debug|Any CPU = Debug|Any CPU
		Release|Any CPU = Release|Any CPU
	EndGlobalSection
	GlobalSection(ProjectConfigurationPlatforms) = postSolution
		{AD01482C-1A7E-4908-98BF-4DEEA5BFBDC8}.Debug|Any CPU.ActiveCfg = Debug|Any CPU
		{AD01482C-1A7E-4908-98BF-4DEEA5BFBDC8}.Debug|Any CPU.Build.0 = Debug|Any CPU
		{AD01482C-1A7E-4908-98BF-4DEEA5BFBDC8}.Release|Any CPU.ActiveCfg = Release|Any CPU
		{AD01482C-1A7E-4908-98BF-4DEEA5BFBDC8}.Release|Any CPU.Build.0 = Release|Any CPU
		{F1C59E2F-8E8D-4FED-86E9-DBDB987642AB}.Debug|Any CPU.ActiveCfg = Debug|Any CPU
		{F1C59E2F-8E8D-4FED-86E9-DBDB987642AB}.Debug|Any CPU.Build.0 = Debug|Any CPU
		{F1C59E2F-8E8D-4FED-86E9-DBDB987642AB}.Release|Any CPU.ActiveCfg = Release|Any CPU
		{F1C59E2F-8E8D-4FED-86E9-DBDB987642AB}.Release|Any CPU.Build.0 = Release|Any CPU
	EndGlobalSection
	GlobalSection(SolutionProperties) = preSolution
		HideSolutionNode = FALSE
	EndGlobalSection
	GlobalSection(ExtensibilityGlobals) = postSolution
		SolutionGuid = {A4D1BC61-4489-4F38-9F20-9646B8B6A82E}
	EndGlobalSection
EndGlobal
